PODS:
  - aliyun (0.0.1):
    - Flutter
    - FMDB (>= 2.7.5)
  - Flutter (1.0.0)
  - FMDB (2.7.5):
    - FMDB/standard (= 2.7.5)
  - FMDB/standard (2.7.5)

DEPENDENCIES:
  - aliyun (from `.symlinks/plugins/aliyun/ios`)
  - Flutter (from `.symlinks/flutter/ios`)

SPEC REPOS:
  https://github.com/cocoapods/specs.git:
    - FMDB

EXTERNAL SOURCES:
  aliyun:
    :path: ".symlinks/plugins/aliyun/ios"
  Flutter:
    :path: ".symlinks/flutter/ios"

SPEC CHECKSUMS:
  aliyun: 0fa142367481ff591a41a5163afce8fa26c79fc3
  Flutter: 9d0fac939486c9aba2809b7982dfdbb47a7b0296
  FMDB: 2ce00b547f966261cd18927a3ddb07cb6f3db82a

PODFILE CHECKSUM: 2ff05abcaeab169192c5383a600b7a086c3f29ba

COCOAPODS: 1.5.3
