PODS:
  - aliyun (0.0.1):
    - Flutter
    - FMDB
  - Flutter (1.0.0)
  - FMDB (2.7.5):
    - FMDB/standard (= 2.7.5)
  - FMDB/standard (2.7.5)

DEPENDENCIES:
  - aliyun (from `.symlinks/plugins/aliyun/ios`)
  - Flutter (from `.symlinks/flutter/ios`)

SPEC REPOS:
  https://github.com/cocoapods/specs.git:
    - FMDB

EXTERNAL SOURCES:
  aliyun:
    :path: ".symlinks/plugins/aliyun/ios"
  Flutter:
    :path: ".symlinks/flutter/ios"

SPEC CHECKSUMS:
  aliyun: c2d4c8740859714b591c6346cd45af6b7f93ef83
  Flutter: 9d0fac939486c9aba2809b7982dfdbb47a7b0296
  FMDB: 2ce00b547f966261cd18927a3ddb07cb6f3db82a

PODFILE CHECKSUM: f65118fff3378b4d0e88af48fcc5656f4ee85320

COCOAPODS: 1.5.3
